
Microsoft Visual Studio Solution File, Format Version 12.00
# Visual Studio 15
VisualStudioVersion = 15.0.28307.136
MinimumVisualStudioVersion = 10.0.40219.1
Project("{FAE04EC0-301F-11D3-BF4B-00C04F79EFBC}") = "AbelAndCole", "AbelAndCole\AbelAndCole.csproj", "{9276DF49-179F-4D33-8FA4-371D01B8F321}"
EndProject
Global
	GlobalSection(SolutionConfigurationPlatforms) = preSolution
		Debug|Any CPU = Debug|Any CPU
		Release|Any CPU = Release|Any CPU
	EndGlobalSection
	GlobalSection(ProjectConfigurationPlatforms) = postSolution
		{9276DF49-179F-4D33-8FA4-371D01B8F321}.Debug|Any CPU.ActiveCfg = Debug|Any CPU
		{9276DF49-179F-4D33-8FA4-371D01B8F321}.Debug|Any CPU.Build.0 = Debug|Any CPU
		{9276DF49-179F-4D33-8FA4-371D01B8F321}.Release|Any CPU.ActiveCfg = Release|Any CPU
		{9276DF49-179F-4D33-8FA4-371D01B8F321}.Release|Any CPU.Build.0 = Release|Any CPU
	EndGlobalSection
	GlobalSection(SolutionProperties) = preSolution
		HideSolutionNode = FALSE
	EndGlobalSection
	GlobalSection(ExtensibilityGlobals) = postSolution
		SolutionGuid = {EAAA5A7C-0979-463D-930F-8AA5AA800122}
	EndGlobalSection
EndGlobal
